schema: '2.0'
stages:
  data_ingestion:
    cmd: python src/data_ingestion.py
    deps:
    - path: src/data_ingestion.py
      hash: md5
      md5: 82aed50a080995c262a8ad671c67b0f4
      size: 4735
    params:
      params.yaml:
        data_ingestion.test_size: 0.3
    outs:
    - path: data/raw
      hash: md5
      md5: d26befd2dda9438254177d9000d9ba1f.dir
      size: 484846
      nfiles: 2
  data_preprocessing:
    cmd: python src/data_preprocessing.py
    deps:
    - path: data/raw
      hash: md5
      md5: d26befd2dda9438254177d9000d9ba1f.dir
      size: 484846
      nfiles: 2
    - path: src/data_preprocessing.py
      hash: md5
      md5: e126b18a5376944ad585fbf708098fa6
      size: 4357
    outs:
    - path: data/interim
      hash: md5
      md5: 61ca13b2e20854a1f7bacbbcfeca409e.dir
      size: 262513
      nfiles: 2
  feature_engineering:
    cmd: python src/feature_engineering.py
    deps:
    - path: data/interim
      hash: md5
      md5: 61ca13b2e20854a1f7bacbbcfeca409e.dir
      size: 262513
      nfiles: 2
    - path: src/feature_engineering.py
      hash: md5
      md5: 5eb6e679023ff00a11f08cfb88b4667b
      size: 3620
    outs:
    - path: data/processed
      hash: md5
      md5: 51a8752aa13ac45945f0aee4600c7dce.dir
      size: 106496875
      nfiles: 2
  model_training:
    cmd: python src/model_training.py
    deps:
    - path: data/processed
      hash: md5
      md5: 51a8752aa13ac45945f0aee4600c7dce.dir
      size: 106496875
      nfiles: 2
    - path: src/model_training.py
      hash: md5
      md5: 622fc8a0b74bb83e6c47a46d1c68c549
      size: 5077
    params:
      params.yaml:
        model_training.n_estimators: 80
        model_training.random_state: 42
    outs:
    - path: models/model.pkl
      hash: md5
      md5: 0a9bde07e3b4b815d7d0489cf769b57e
      size: 4104879
  model_evaluation:
    cmd: python src/model_evaluation.py
    deps:
    - path: models/model.pkl
      hash: md5
      md5: 0a9bde07e3b4b815d7d0489cf769b57e
      size: 4104879
    - path: src/model_evaluation.py
      hash: md5
      md5: 78704f106181d0863a31c27d94b5b8ff
      size: 5464
    outs:
    - path: reports/metrics.json
      hash: md5
      md5: 1404048d6ca77b5db163b8aa694cb533
      size: 145
