schema: '2.0'
stages:
  data_ingestion:
    cmd: python src/data_ingestion.py
    deps:
    - path: src/data_ingestion.py
      hash: md5
      md5: 82aed50a080995c262a8ad671c67b0f4
      size: 4735
    params:
      params.yaml:
        data_ingestion.test_size: 0.1
    outs:
    - path: data/raw
      hash: md5
      md5: 9097e041a34df9054caed15688df1464.dir
      size: 484846
      nfiles: 2
  data_preprocessing:
    cmd: python src/data_preprocessing.py
    deps:
    - path: data/raw
      hash: md5
      md5: 9097e041a34df9054caed15688df1464.dir
      size: 484846
      nfiles: 2
    - path: src/data_preprocessing.py
      hash: md5
      md5: e126b18a5376944ad585fbf708098fa6
      size: 4357
    outs:
    - path: data/interim
      hash: md5
      md5: 372e18bfa771372d41b683bc64b32377.dir
      size: 257605
      nfiles: 2
  feature_engineering:
    cmd: python src/feature_engineering.py
    deps:
    - path: data/interim
      hash: md5
      md5: 372e18bfa771372d41b683bc64b32377.dir
      size: 257605
      nfiles: 2
    - path: src/feature_engineering.py
      hash: md5
      md5: 5eb6e679023ff00a11f08cfb88b4667b
      size: 3620
    outs:
    - path: data/processed
      hash: md5
      md5: 4113c7f2242435a04ea1b30472e07718.dir
      size: 105108016
      nfiles: 2
  model_training:
    cmd: python src/model_training.py
    deps:
    - path: data/processed
      hash: md5
      md5: 4113c7f2242435a04ea1b30472e07718.dir
      size: 105108016
      nfiles: 2
    - path: src/model_training.py
      hash: md5
      md5: 622fc8a0b74bb83e6c47a46d1c68c549
      size: 5077
    params:
      params.yaml:
        model_training.n_estimators: 50
        model_training.random_state: 42
    outs:
    - path: models/model.pkl
      hash: md5
      md5: 3f1160a287e37df42dac15db3b8ac78d
      size: 3010055
  model_evaluation:
    cmd: python src/model_evaluation.py
    deps:
    - path: models/model.pkl
      hash: md5
      md5: 3f1160a287e37df42dac15db3b8ac78d
      size: 3010055
    - path: src/model_evaluation.py
      hash: md5
      md5: 78704f106181d0863a31c27d94b5b8ff
      size: 5464
    outs:
    - path: reports/metrics.json
      hash: md5
      md5: 43c0bb3fc2a90bc4437bc9590329acc6
      size: 130
